# THIS IS AN AUTOGENERATED FILE. DO NOT EDIT THIS FILE DIRECTLY.
# yarn lockfile v1


"@cspotcode/source-map-consumer@0.8.0":
  version "0.8.0"
  resolved "https://registry.yarnpkg.com/@cspotcode/source-map-consumer/-/source-map-consumer-0.8.0.tgz#33bf4b7b39c178821606f669bbc447a6a629786b"
  integrity sha512-41qniHzTU8yAGbCp04ohlmSrZf8bkf/iJsl3V0dRGsQN/5GFfx+LbCSsCpp2gqrqjTVg/K6O8ycoV35JIwAzAg==

"@cspotcode/source-map-support@0.7.0":
  version "0.7.0"
  resolved "https://registry.yarnpkg.com/@cspotcode/source-map-support/-/source-map-support-0.7.0.tgz#4789840aa859e46d2f3173727ab707c66bf344f5"
  integrity sha512-X4xqRHqN8ACt2aHVe51OxeA2HjbcL4MqFqXkrmQszJ1NOUuUu5u6Vqx/0lZSVNku7velL5FC/s5uEAj1lsBMhA==
  dependencies:
    "@cspotcode/source-map-consumer" "0.8.0"

"@dfinity/candid@github:demergent-labs/candid#minimum_viable":
  version "0.19.2"
  resolved "https://codeload.github.com/demergent-labs/candid/tar.gz/5797fa906b1a7cc30c161dbb0eb919283ce2f80d"

"@dfinity/principal@^0.19.0":
  version "0.19.3"
  resolved "https://registry.yarnpkg.com/@dfinity/principal/-/principal-0.19.3.tgz#428cfca3d2d2de9e1433b3b33498fd595fb441d8"
  integrity sha512-+nixVvdGt7ECxRvLXDXsvU9q9sSPssBtDQ4bXa149SK6gcYcmZ6lfWIi3DJNqj3tGROxILVBsguel9tECappsA==
  dependencies:
    "@noble/hashes" "^1.3.1"

"@esbuild/android-arm64@0.19.7":
  version "0.19.7"
  resolved "https://registry.yarnpkg.com/@esbuild/android-arm64/-/android-arm64-0.19.7.tgz#646156aea43e8e6723de6e94a4ac07c5aed41be1"
  integrity sha512-YEDcw5IT7hW3sFKZBkCAQaOCJQLONVcD4bOyTXMZz5fr66pTHnAet46XAtbXAkJRfIn2YVhdC6R9g4xa27jQ1w==

"@esbuild/android-arm@0.19.7":
  version "0.19.7"
  resolved "https://registry.yarnpkg.com/@esbuild/android-arm/-/android-arm-0.19.7.tgz#0827b49aed813c33ea18ee257c1728cdc4a01030"
  integrity sha512-YGSPnndkcLo4PmVl2tKatEn+0mlVMr3yEpOOT0BeMria87PhvoJb5dg5f5Ft9fbCVgtAz4pWMzZVgSEGpDAlww==

"@esbuild/android-x64@0.19.7":
  version "0.19.7"
  resolved "https://registry.yarnpkg.com/@esbuild/android-x64/-/android-x64-0.19.7.tgz#fa294ed5214d88219d519e0ab1bbb0253a89b864"
  integrity sha512-jhINx8DEjz68cChFvM72YzrqfwJuFbfvSxZAk4bebpngGfNNRm+zRl4rtT9oAX6N9b6gBcFaJHFew5Blf6CvUw==

"@esbuild/darwin-arm64@0.19.7":
  version "0.19.7"
  resolved "https://registry.yarnpkg.com/@esbuild/darwin-arm64/-/darwin-arm64-0.19.7.tgz#e24d2ed545749ff251eabe8bce11fefa688892d3"
  integrity sha512-dr81gbmWN//3ZnBIm6YNCl4p3pjnabg1/ZVOgz2fJoUO1a3mq9WQ/1iuEluMs7mCL+Zwv7AY5e3g1hjXqQZ9Iw==

"@esbuild/darwin-x64@0.19.7":
  version "0.19.7"
  resolved "https://registry.yarnpkg.com/@esbuild/darwin-x64/-/darwin-x64-0.19.7.tgz#02d1f8a572874c90d8f55dde8a859e5145bd06f6"
  integrity sha512-Lc0q5HouGlzQEwLkgEKnWcSazqr9l9OdV2HhVasWJzLKeOt0PLhHaUHuzb8s/UIya38DJDoUm74GToZ6Wc7NGQ==

"@esbuild/freebsd-arm64@0.19.7":
  version "0.19.7"
  resolved "https://registry.yarnpkg.com/@esbuild/freebsd-arm64/-/freebsd-arm64-0.19.7.tgz#bc6a69b9a7915da278f0a5ebaec069c813982c22"
  integrity sha512-+y2YsUr0CxDFF7GWiegWjGtTUF6gac2zFasfFkRJPkMAuMy9O7+2EH550VlqVdpEEchWMynkdhC9ZjtnMiHImQ==

"@esbuild/freebsd-x64@0.19.7":
  version "0.19.7"
  resolved "https://registry.yarnpkg.com/@esbuild/freebsd-x64/-/freebsd-x64-0.19.7.tgz#ec3708488625d70e565968ceea1355e7c8613865"
  integrity sha512-CdXOxIbIzPJmJhrpmJTLx+o35NoiKBIgOvmvT+jeSadYiWJn0vFKsl+0bSG/5lwjNHoIDEyMYc/GAPR9jxusTA==

"@esbuild/linux-arm64@0.19.7":
  version "0.19.7"
  resolved "https://registry.yarnpkg.com/@esbuild/linux-arm64/-/linux-arm64-0.19.7.tgz#8e04b66c306858f92d4f90f8222775270755e88a"
  integrity sha512-inHqdOVCkUhHNvuQPT1oCB7cWz9qQ/Cz46xmVe0b7UXcuIJU3166aqSunsqkgSGMtUCWOZw3+KMwI6otINuC9g==

"@esbuild/linux-arm@0.19.7":
  version "0.19.7"
  resolved "https://registry.yarnpkg.com/@esbuild/linux-arm/-/linux-arm-0.19.7.tgz#12d5b65e089029ee1fe4c591b60969c9b1a85355"
  integrity sha512-Y+SCmWxsJOdQtjcBxoacn/pGW9HDZpwsoof0ttL+2vGcHokFlfqV666JpfLCSP2xLxFpF1lj7T3Ox3sr95YXww==

"@esbuild/linux-ia32@0.19.7":
  version "0.19.7"
  resolved "https://registry.yarnpkg.com/@esbuild/linux-ia32/-/linux-ia32-0.19.7.tgz#01eabc2a3ad9039e115db650268e4f48f910dbe2"
  integrity sha512-2BbiL7nLS5ZO96bxTQkdO0euGZIUQEUXMTrqLxKUmk/Y5pmrWU84f+CMJpM8+EHaBPfFSPnomEaQiG/+Gmh61g==

"@esbuild/linux-loong64@0.19.7":
  version "0.19.7"
  resolved "https://registry.yarnpkg.com/@esbuild/linux-loong64/-/linux-loong64-0.19.7.tgz#70681113632970e6a5766607bbdb98aa18cf4d5f"
  integrity sha512-BVFQla72KXv3yyTFCQXF7MORvpTo4uTA8FVFgmwVrqbB/4DsBFWilUm1i2Oq6zN36DOZKSVUTb16jbjedhfSHw==

"@esbuild/linux-mips64el@0.19.7":
  version "0.19.7"
  resolved "https://registry.yarnpkg.com/@esbuild/linux-mips64el/-/linux-mips64el-0.19.7.tgz#f63c022a71a3d70c482d1943a27cb8997021e230"
  integrity sha512-DzAYckIaK+pS31Q/rGpvUKu7M+5/t+jI+cdleDgUwbU7KdG2eC3SUbZHlo6Q4P1CfVKZ1lUERRFP8+q0ob9i2w==

"@esbuild/linux-ppc64@0.19.7":
  version "0.19.7"
  resolved "https://registry.yarnpkg.com/@esbuild/linux-ppc64/-/linux-ppc64-0.19.7.tgz#614eafd08b0c50212f287b948b3c08d6e60f221f"
  integrity sha512-JQ1p0SmUteNdUaaiRtyS59GkkfTW0Edo+e0O2sihnY4FoZLz5glpWUQEKMSzMhA430ctkylkS7+vn8ziuhUugQ==

"@esbuild/linux-riscv64@0.19.7":
  version "0.19.7"
  resolved "https://registry.yarnpkg.com/@esbuild/linux-riscv64/-/linux-riscv64-0.19.7.tgz#31d3b63f92f65968268a8e61ba59872538e80e88"
  integrity sha512-xGwVJ7eGhkprY/nB7L7MXysHduqjpzUl40+XoYDGC4UPLbnG+gsyS1wQPJ9lFPcxYAaDXbdRXd1ACs9AE9lxuw==

"@esbuild/linux-s390x@0.19.7":
  version "0.19.7"
  resolved "https://registry.yarnpkg.com/@esbuild/linux-s390x/-/linux-s390x-0.19.7.tgz#be94974e0caa0783ae05f9477fd7170b9ac29cb0"
  integrity sha512-U8Rhki5PVU0L0nvk+E8FjkV8r4Lh4hVEb9duR6Zl21eIEYEwXz8RScj4LZWA2i3V70V4UHVgiqMpszXvG0Yqhg==

"@esbuild/linux-x64@0.19.7":
  version "0.19.7"
  resolved "https://registry.yarnpkg.com/@esbuild/linux-x64/-/linux-x64-0.19.7.tgz#84e8018a913dd4ecee954623e395984aef3d0007"
  integrity sha512-ZYZopyLhm4mcoZXjFt25itRlocKlcazDVkB4AhioiL9hOWhDldU9n38g62fhOI4Pth6vp+Mrd5rFKxD0/S+7aQ==

"@esbuild/netbsd-x64@0.19.7":
  version "0.19.7"
  resolved "https://registry.yarnpkg.com/@esbuild/netbsd-x64/-/netbsd-x64-0.19.7.tgz#98898ba8800374c9df9bb182ca4f69fcecaf4411"
  integrity sha512-/yfjlsYmT1O3cum3J6cmGG16Fd5tqKMcg5D+sBYLaOQExheAJhqr8xOAEIuLo8JYkevmjM5zFD9rVs3VBcsjtQ==

"@esbuild/openbsd-x64@0.19.7":
  version "0.19.7"
  resolved "https://registry.yarnpkg.com/@esbuild/openbsd-x64/-/openbsd-x64-0.19.7.tgz#46dc4eda2adb51f16361b1ad10e9b3f4938c4573"
  integrity sha512-MYDFyV0EW1cTP46IgUJ38OnEY5TaXxjoDmwiTXPjezahQgZd+j3T55Ht8/Q9YXBM0+T9HJygrSRGV5QNF/YVDQ==

"@esbuild/sunos-x64@0.19.7":
  version "0.19.7"
  resolved "https://registry.yarnpkg.com/@esbuild/sunos-x64/-/sunos-x64-0.19.7.tgz#1650d40dd88412ecc11490119cd23cbaf661a591"
  integrity sha512-JcPvgzf2NN/y6X3UUSqP6jSS06V0DZAV/8q0PjsZyGSXsIGcG110XsdmuWiHM+pno7/mJF6fjH5/vhUz/vA9fw==

"@esbuild/win32-arm64@0.19.7":
  version "0.19.7"
  resolved "https://registry.yarnpkg.com/@esbuild/win32-arm64/-/win32-arm64-0.19.7.tgz#e61de6c4eb204d83fd912f3ae6812cc8c7d32d25"
  integrity sha512-ZA0KSYti5w5toax5FpmfcAgu3ZNJxYSRm0AW/Dao5up0YV1hDVof1NvwLomjEN+3/GMtaWDI+CIyJOMTRSTdMw==

"@esbuild/win32-ia32@0.19.7":
  version "0.19.7"
  resolved "https://registry.yarnpkg.com/@esbuild/win32-ia32/-/win32-ia32-0.19.7.tgz#3d9c159d42c67e37a433e44ef8217c661cb6f6d0"
  integrity sha512-CTOnijBKc5Jpk6/W9hQMMvJnsSYRYgveN6O75DTACCY18RA2nqka8dTZR+x/JqXCRiKk84+5+bRKXUSbbwsS0A==

"@esbuild/win32-x64@0.19.7":
  version "0.19.7"
  resolved "https://registry.yarnpkg.com/@esbuild/win32-x64/-/win32-x64-0.19.7.tgz#02c4446f802706098d8e6ee70cf2b7aba96ded0b"
  integrity sha512-gRaP2sk6hc98N734luX4VpF318l3w+ofrtTu9j5L8EQXF+FzQKV6alCOHMVoJJHvVK/mGbwBXfOL1HETQu9IGQ==

"@noble/hashes@^1.3.1":
  version "1.3.2"
  resolved "https://registry.yarnpkg.com/@noble/hashes/-/hashes-1.3.2.tgz#6f26dbc8fbc7205873ce3cee2f690eba0d421b39"
  integrity sha512-MVC8EAQp7MvEcm30KWENFjgR+Mkmf+D189XJTkFIlwohU5hcBbn1ZkKq7KVTi2Hme3PMGF390DaL52beVrIihQ==

"@swc/core-darwin-arm64@1.3.99":
  version "1.3.99"
  resolved "https://registry.yarnpkg.com/@swc/core-darwin-arm64/-/core-darwin-arm64-1.3.99.tgz#def204349ac645b8de21a800fa784907642a6c91"
  integrity sha512-Qj7Jct68q3ZKeuJrjPx7k8SxzWN6PqLh+VFxzA+KwLDpQDPzOlKRZwkIMzuFjLhITO4RHgSnXoDk/Syz0ZeN+Q==

"@swc/core-darwin-x64@1.3.99":
  version "1.3.99"
  resolved "https://registry.yarnpkg.com/@swc/core-darwin-x64/-/core-darwin-x64-1.3.99.tgz#2633f1ac1668ec569f34f86eb5250d56fcacd952"
  integrity sha512-wR7m9QVJjgiBu1PSOHy7s66uJPa45Kf9bZExXUL+JAa9OQxt5y+XVzr+n+F045VXQOwdGWplgPnWjgbUUHEVyw==

"@swc/core-linux-arm64-gnu@1.3.99":
  version "1.3.99"
  resolved "https://registry.yarnpkg.com/@swc/core-linux-arm64-gnu/-/core-linux-arm64-gnu-1.3.99.tgz#871c2f049a3a5d88bcc7317ac004230517a08ba4"
  integrity sha512-gcGv1l5t0DScEONmw5OhdVmEI/o49HCe9Ik38zzH0NtDkc+PDYaCcXU5rvfZP2qJFaAAr8cua8iJcOunOSLmnA==

"@swc/core-linux-arm64-musl@1.3.99":
  version "1.3.99"
  resolved "https://registry.yarnpkg.com/@swc/core-linux-arm64-musl/-/core-linux-arm64-musl-1.3.99.tgz#28ed1622e92bc13aab4b650f2af695af8695289b"
  integrity sha512-XL1/eUsTO8BiKsWq9i3iWh7H99iPO61+9HYiWVKhSavknfj4Plbn+XyajDpxsauln5o8t+BRGitymtnAWJM4UQ==

"@swc/core-linux-x64-gnu@1.3.99":
  version "1.3.99"
  resolved "https://registry.yarnpkg.com/@swc/core-linux-x64-gnu/-/core-linux-x64-gnu-1.3.99.tgz#8e07add9cc8b76d542959e3240340effa6c6e446"
  integrity sha512-fGrXYE6DbTfGNIGQmBefYxSk3rp/1lgbD0nVg4rl4mfFRQPi7CgGhrrqSuqZ/ezXInUIgoCyvYGWFSwjLXt/Qg==

"@swc/core-linux-x64-musl@1.3.99":
  version "1.3.99"
  resolved "https://registry.yarnpkg.com/@swc/core-linux-x64-musl/-/core-linux-x64-musl-1.3.99.tgz#677eb82d6862605cb0a81ec5b732bef2a9861b16"
  integrity sha512-kvgZp/mqf3IJ806gUOL6gN6VU15+DfzM1Zv4Udn8GqgXiUAvbQehrtruid4Snn5pZTLj4PEpSCBbxgxK1jbssA==

"@swc/core-win32-arm64-msvc@1.3.99":
  version "1.3.99"
  resolved "https://registry.yarnpkg.com/@swc/core-win32-arm64-msvc/-/core-win32-arm64-msvc-1.3.99.tgz#6c9bf96dd4cb81b5960884906766dc47a49efb0d"
  integrity sha512-yt8RtZ4W/QgFF+JUemOUQAkVW58cCST7mbfKFZ1v16w3pl3NcWd9OrtppFIXpbjU1rrUX2zp2R7HZZzZ2Zk/aQ==

"@swc/core-win32-ia32-msvc@1.3.99":
  version "1.3.99"
  resolved "https://registry.yarnpkg.com/@swc/core-win32-ia32-msvc/-/core-win32-ia32-msvc-1.3.99.tgz#6940a602b65137eee30f09ced7cd9fcb6e162b88"
  integrity sha512-62p5fWnOJR/rlbmbUIpQEVRconICy5KDScWVuJg1v3GPLBrmacjphyHiJC1mp6dYvvoEWCk/77c/jcQwlXrDXw==

"@swc/core-win32-x64-msvc@1.3.99":
  version "1.3.99"
  resolved "https://registry.yarnpkg.com/@swc/core-win32-x64-msvc/-/core-win32-x64-msvc-1.3.99.tgz#7fcdfe6577f015604f7e69f71dda99822e946385"
  integrity sha512-PdppWhkoS45VGdMBxvClVgF1hVjqamtvYd82Gab1i4IV45OSym2KinoDCKE1b6j3LwBLOn2J9fvChGSgGfDCHQ==

"@swc/core@^1.3.86":
  version "1.3.99"
  resolved "https://registry.yarnpkg.com/@swc/core/-/core-1.3.99.tgz#24a2ff0aaa1096b31046c8099b043936db0c4ca6"
  integrity sha512-8O996RfuPC4ieb4zbYMfbyCU9k4gSOpyCNnr7qBQ+o7IEmh8JCV6B8wwu+fT/Om/6Lp34KJe1IpJ/24axKS6TQ==
  dependencies:
    "@swc/counter" "^0.1.1"
    "@swc/types" "^0.1.5"
  optionalDependencies:
    "@swc/core-darwin-arm64" "1.3.99"
    "@swc/core-darwin-x64" "1.3.99"
    "@swc/core-linux-arm64-gnu" "1.3.99"
    "@swc/core-linux-arm64-musl" "1.3.99"
    "@swc/core-linux-x64-gnu" "1.3.99"
    "@swc/core-linux-x64-musl" "1.3.99"
    "@swc/core-win32-arm64-msvc" "1.3.99"
    "@swc/core-win32-ia32-msvc" "1.3.99"
    "@swc/core-win32-x64-msvc" "1.3.99"

"@swc/counter@^0.1.1":
  version "0.1.2"
  resolved "https://registry.yarnpkg.com/@swc/counter/-/counter-0.1.2.tgz#bf06d0770e47c6f1102270b744e17b934586985e"
  integrity sha512-9F4ys4C74eSTEUNndnER3VJ15oru2NumfQxS8geE+f3eB5xvfxpWyqE5XlVnxb/R14uoXi6SLbBwwiDSkv+XEw==

"@swc/types@^0.1.5":
  version "0.1.5"
  resolved "https://registry.yarnpkg.com/@swc/types/-/types-0.1.5.tgz#043b731d4f56a79b4897a3de1af35e75d56bc63a"
  integrity sha512-myfUej5naTBWnqOCc/MdVOLVjXUXtIA+NpDrDBKJtLLg2shUjBu3cZmB/85RyitKc55+lUUyl7oRfLOvkr2hsw==

"@tsconfig/node10@^1.0.7":
  version "1.0.9"
  resolved "https://registry.yarnpkg.com/@tsconfig/node10/-/node10-1.0.9.tgz#df4907fc07a886922637b15e02d4cebc4c0021b2"
  integrity sha512-jNsYVVxU8v5g43Erja32laIDHXeoNvFEpX33OK4d6hljo3jDhCBDhx5dhCCTMWUojscpAagGiRkBKxpdl9fxqA==

"@tsconfig/node12@^1.0.7":
  version "1.0.11"
  resolved "https://registry.yarnpkg.com/@tsconfig/node12/-/node12-1.0.11.tgz#ee3def1f27d9ed66dac6e46a295cffb0152e058d"
  integrity sha512-cqefuRsh12pWyGsIoBKJA9luFu3mRxCA+ORZvA4ktLSzIuCUtWVxGIuXigEwO5/ywWFMZ2QEGKWvkZG1zDMTag==

"@tsconfig/node14@^1.0.0":
  version "1.0.3"
  resolved "https://registry.yarnpkg.com/@tsconfig/node14/-/node14-1.0.3.tgz#e4386316284f00b98435bf40f72f75a09dabf6c1"
  integrity sha512-ysT8mhdixWK6Hw3i1V2AeRqZ5WfXg1G43mqoYlM2nc6388Fq5jcXyr5mRsqViLx/GJYdoL0bfXD8nmF+Zn/Iow==

"@tsconfig/node16@^1.0.2":
  version "1.0.4"
  resolved "https://registry.yarnpkg.com/@tsconfig/node16/-/node16-1.0.4.tgz#0b92dcc0cc1c81f6f306a381f28e31b1a56536e9"
  integrity sha512-vxhUy4J8lyeyinH7Azl1pdd43GJhZH/tP2weN8TntQblOY+A0XbT8DJk1/oCPuOOyg/Ja757rG0CgHcWC8OfMA==

"@types/uuid@^9.0.4":
  version "9.0.7"
  resolved "https://registry.yarnpkg.com/@types/uuid/-/uuid-9.0.7.tgz#b14cebc75455eeeb160d5fe23c2fcc0c64f724d8"
  integrity sha512-WUtIVRUZ9i5dYXefDEAI7sh9/O7jGvHg7Df/5O/gtH3Yabe5odI3UWopVR1qbPXQtvOxWu3mM4XxlYeZtMWF4g==

acorn-walk@^8.1.1:
  version "8.3.0"
  resolved "https://registry.yarnpkg.com/acorn-walk/-/acorn-walk-8.3.0.tgz#2097665af50fd0cf7a2dfccd2b9368964e66540f"
  integrity sha512-FS7hV565M5l1R08MXqo8odwMTB02C2UqzB17RVgu9EyuYFBqJZ3/ZY97sQD5FewVu1UyDFc1yztUDrAwT0EypA==

acorn@^8.4.1:
  version "8.11.2"
  resolved "https://registry.yarnpkg.com/acorn/-/acorn-8.11.2.tgz#ca0d78b51895be5390a5903c5b3bdcdaf78ae40b"
  integrity sha512-nc0Axzp/0FILLEVsm4fNwLCwMttvhEI263QtVPQcbpfZZ3ts0hLsZGOpE6czNlid7CJ9MlyH8reXkpsf3YUY4w==

arg@^4.1.0:
  version "4.1.3"
  resolved "https://registry.yarnpkg.com/arg/-/arg-4.1.3.tgz#269fc7ad5b8e42cb63c896d5666017261c144089"
  integrity sha512-58S9QDqG0Xx27YwPSt9fJxivjYl432YCwfDMfZ+71RAqUrZef7LrKQZ3LHLOwCS4FLNBplP533Zx895SeOCHvA==

azle@0.18.6:
  version "0.18.6"
  resolved "https://registry.yarnpkg.com/azle/-/azle-0.18.6.tgz#a735e0ba4ef43b6015827438c9c3c62022b21b6b"
  integrity sha512-XEebokPOpNAQ0+B7x6fj6cPVSvmbEYm2p9/bSvFxuKQ4VcnzmsOdX7HCZyYYTKsD5eTc4XxuaHqqdagmdzbJPw==
  dependencies:
    "@dfinity/candid" "github:demergent-labs/candid#minimum_viable"
    "@dfinity/principal" "^0.19.0"
    "@swc/core" "^1.3.86"
    "@types/uuid" "^9.0.4"
    buffer "^6.0.3"
    esbuild "^0.19.3"
    fs-extra "10.0.1"
    js-sha256 "0.9.0"
    text-encoding "0.7.0"
    ts-node "10.3.1"
    typescript "^5.2.2"
    uuid "^9.0.1"

base64-js@^1.3.1:
  version "1.5.1"
  resolved "https://registry.yarnpkg.com/base64-js/-/base64-js-1.5.1.tgz#1b1b440160a5bf7ad40b650f095963481903930a"
  integrity sha512-AKpaYlHn8t4SVbOHCy+b5+KKgvR4vrsD8vbvrbiQJps7fKDTkjkDry6ji0rUJjC0kzbNePLwzxq8iypo41qeWA==

buffer@^6.0.3:
  version "6.0.3"
  resolved "https://registry.yarnpkg.com/buffer/-/buffer-6.0.3.tgz#2ace578459cc8fbe2a70aaa8f52ee63b6a74c6c6"
  integrity sha512-FTiCpNxtwiZZHEZbcbTIcZjERVICn9yq/pDFkTl95/AxzD1naBctN7YO68riM/gLSDY7sdrMby8hofADYuuqOA==
  dependencies:
    base64-js "^1.3.1"
    ieee754 "^1.2.1"

create-require@^1.1.0:
  version "1.1.1"
  resolved "https://registry.yarnpkg.com/create-require/-/create-require-1.1.1.tgz#c1d7e8f1e5f6cfc9ff65f9cd352d37348756c333"
  integrity sha512-dcKFX3jn0MpIaXjisoRvexIJVEKzaq7z2rZKxf+MSr9TkdmHmsU4m2lcLojrj/FHl8mk5VxMmYA+ftRkP/3oKQ==

decode-utf8@^1.0.1:
  version "1.0.1"
  resolved "https://registry.yarnpkg.com/decode-utf8/-/decode-utf8-1.0.1.tgz#05975dfd9a5ef3739d189419f0414f2662e84e85"
  integrity sha512-iTpp497Pgdg5JdQ3HkHbG0vwSSYRDrtVXKpz/ieFhY+LjLOZ2HjVtdmNKyO4f25lr4Q6O0cYSzlo6h27LgsLDA==

diff@^4.0.1:
  version "4.0.2"
  resolved "https://registry.yarnpkg.com/diff/-/diff-4.0.2.tgz#60f3aecb89d5fae520c11aa19efc2bb982aade7d"
  integrity sha512-58lmxKSA4BNyLz+HHMUzlOEpg09FV+ev6ZMe3vJihgdxzgcwZ8VoEEPmALCZG9LmqfVoNMMKpttIYTVG6uDY7A==

esbuild@^0.19.3:
  version "0.19.7"
  resolved "https://registry.yarnpkg.com/esbuild/-/esbuild-0.19.7.tgz#b9a7235097b81278dcf090e2532ed13c95a2ee84"
  integrity sha512-6brbTZVqxhqgbpqBR5MzErImcpA0SQdoKOkcWK/U30HtQxnokIpG3TX2r0IJqbFUzqLjhU/zC1S5ndgakObVCQ==
  optionalDependencies:
    "@esbuild/android-arm" "0.19.7"
    "@esbuild/android-arm64" "0.19.7"
    "@esbuild/android-x64" "0.19.7"
    "@esbuild/darwin-arm64" "0.19.7"
    "@esbuild/darwin-x64" "0.19.7"
    "@esbuild/freebsd-arm64" "0.19.7"
    "@esbuild/freebsd-x64" "0.19.7"
    "@esbuild/linux-arm" "0.19.7"
    "@esbuild/linux-arm64" "0.19.7"
    "@esbuild/linux-ia32" "0.19.7"
    "@esbuild/linux-loong64" "0.19.7"
    "@esbuild/linux-mips64el" "0.19.7"
    "@esbuild/linux-ppc64" "0.19.7"
    "@esbuild/linux-riscv64" "0.19.7"
    "@esbuild/linux-s390x" "0.19.7"
    "@esbuild/linux-x64" "0.19.7"
    "@esbuild/netbsd-x64" "0.19.7"
    "@esbuild/openbsd-x64" "0.19.7"
    "@esbuild/sunos-x64" "0.19.7"
    "@esbuild/win32-arm64" "0.19.7"
    "@esbuild/win32-ia32" "0.19.7"
    "@esbuild/win32-x64" "0.19.7"

fs-extra@10.0.1:
  version "10.0.1"
  resolved "https://registry.yarnpkg.com/fs-extra/-/fs-extra-10.0.1.tgz#27de43b4320e833f6867cc044bfce29fdf0ef3b8"
  integrity sha512-NbdoVMZso2Lsrn/QwLXOy6rm0ufY2zEOKCDzJR/0kBsb0E6qed0P3iYK+Ath3BfvXEeu4JhEtXLgILx5psUfag==
  dependencies:
    graceful-fs "^4.2.0"
    jsonfile "^6.0.1"
    universalify "^2.0.0"

graceful-fs@^4.1.6, graceful-fs@^4.2.0:
  version "4.2.11"
  resolved "https://registry.yarnpkg.com/graceful-fs/-/graceful-fs-4.2.11.tgz#4183e4e8bf08bb6e05bbb2f7d2e0c8f712ca40e3"
  integrity sha512-RbJ5/jmFcNNCcDV5o9eTnBLJ/HszWV0P73bc+Ff4nS/rJj+YaS6IGyiOL0VoBYX+l1Wrl3k63h/KrH+nhJ0XvQ==

ieee754@^1.2.1:
  version "1.2.1"
  resolved "https://registry.yarnpkg.com/ieee754/-/ieee754-1.2.1.tgz#8eb7a10a63fff25d15a57b001586d177d1b0d352"
  integrity sha512-dcyqhDvX1C46lXZcVqCpK+FtMRQVdIMN6/Df5js2zouUsqG7I6sFxitIC+7KYK29KdXOLHdu9zL4sFnoVQnqaA==

js-sha256@0.9.0:
  version "0.9.0"
  resolved "https://registry.yarnpkg.com/js-sha256/-/js-sha256-0.9.0.tgz#0b89ac166583e91ef9123644bd3c5334ce9d0966"
  integrity sha512-sga3MHh9sgQN2+pJ9VYZ+1LPwXOxuBJBA5nrR5/ofPfuiJBE2hnjsaN8se8JznOmGLN2p49Pe5U/ttafcs/apA==

jsonfile@^6.0.1:
  version "6.1.0"
  resolved "https://registry.yarnpkg.com/jsonfile/-/jsonfile-6.1.0.tgz#bc55b2634793c679ec6403094eb13698a6ec0aae"
  integrity sha512-5dgndWOriYSm5cnYaJNhalLNDKOqFwyDB/rr1E9ZsGciGvKPs8R2xYGCacuf3z6K1YKDz182fd+fY3cn3pMqXQ==
  dependencies:
    universalify "^2.0.0"
  optionalDependencies:
    graceful-fs "^4.1.6"

make-error@^1.1.1:
  version "1.3.6"
  resolved "https://registry.yarnpkg.com/make-error/-/make-error-1.3.6.tgz#2eb2e37ea9b67c4891f684a1394799af484cf7a2"
  integrity sha512-s8UhlNe7vPKomQhC1qFelMokr/Sc3AgNbso3n74mVPA5LTZwkB9NlXf4XPamLxJE8h0gh73rM94xvwRT2CVInw==

text-encoding@0.7.0:
  version "0.7.0"
  resolved "https://registry.yarnpkg.com/text-encoding/-/text-encoding-0.7.0.tgz#f895e836e45990624086601798ea98e8f36ee643"
  integrity sha512-oJQ3f1hrOnbRLOcwKz0Liq2IcrvDeZRHXhd9RgLrsT+DjWY/nty1Hi7v3dtkaEYbPYe0mUoOfzRrMwfXXwgPUA==

ts-node@10.3.1:
  version "10.3.1"
  resolved "https://registry.yarnpkg.com/ts-node/-/ts-node-10.3.1.tgz#739b42839b56d1a3c85026994af7045b2fccc6f5"
  integrity sha512-Yw3W2mYzhHfCHOICGNJqa0i+rbL0rAyg7ZIHxU+K4pgY8gd2Lh1j+XbHCusJMykbj6RZMJVOY0MlHVd+GOivcw==
  dependencies:
    "@cspotcode/source-map-support" "0.7.0"
    "@tsconfig/node10" "^1.0.7"
    "@tsconfig/node12" "^1.0.7"
    "@tsconfig/node14" "^1.0.0"
    "@tsconfig/node16" "^1.0.2"
    acorn "^8.4.1"
    acorn-walk "^8.1.1"
    arg "^4.1.0"
    create-require "^1.1.0"
    diff "^4.0.1"
    make-error "^1.1.1"
    yn "3.1.1"

typescript@^5.2.2:
  version "5.3.2"
  resolved "https://registry.yarnpkg.com/typescript/-/typescript-5.3.2.tgz#00d1c7c1c46928c5845c1ee8d0cc2791031d4c43"
  integrity sha512-6l+RyNy7oAHDfxC4FzSJcz9vnjTKxrLpDG5M2Vu4SHRVNg6xzqZp6LYSR9zjqQTu8DU/f5xwxUdADOkbrIX2gQ==

universalify@^2.0.0:
  version "2.0.1"
  resolved "https://registry.yarnpkg.com/universalify/-/universalify-2.0.1.tgz#168efc2180964e6386d061e094df61afe239b18d"
  integrity sha512-gptHNQghINnc/vTGIk0SOFGFNXw7JVrlRUtConJRlvaw6DuX0wO5Jeko9sWrMBhh+PsYAZ7oXAiOnf/UKogyiw==

uuid@^9.0.1:
  version "9.0.1"
  resolved "https://registry.yarnpkg.com/uuid/-/uuid-9.0.1.tgz#e188d4c8853cc722220392c424cd637f32293f30"
  integrity sha512-b+1eJOlsR9K8HJpow9Ok3fiWOWSIcIzXodvv0rQjVoOVNpWMpxf1wZNpt4y9h10odCNrqnYp1OBzRktckBe3sA==

yn@3.1.1:
  version "3.1.1"
  resolved "https://registry.yarnpkg.com/yn/-/yn-3.1.1.tgz#1e87401a09d767c1d5eab26a6e4c185182d2eb50"
  integrity sha512-Ux4ygGWsu2c7isFWe8Yu1YluJmqVhxqK2cLXNQA5AcC3QfbGNpM7fu0Y8b/z16pXLnFxZYvWhd3fhBY9DLmC6Q==
